<?xml version="1.0" encoding="UTF-8" standalone="yes" ?>
<CodeBlocks_project_file>
	<FileVersion major="1" minor="6" />
	<Project>
		<Option title="gpsino" />
		<Option pch_mode="2" />
		<Option compiler="gcc" />
		<Build>
			<Target title="Debug">
				<Option output="bin/Debug/gpsino" prefix_auto="1" extension_auto="1" />
				<Option object_output="obj/Debug/" />
				<Option type="0" />
				<Option compiler="gcc" />
				<Compiler>
					<Add option="-pg" />
					<Add option="-g" />
					<Add directory="../../ExternalLibs/sqllite/src" />
					<Add directory="../../ExternalLibs/libjpeg/src/libjpeg" />
					<Add directory="../../ExternalLibs/UIObjects/src" />
					<Add directory="../../ExternalLibs/libvlc/sdk/include" />
					<Add directory="../../ExternalLibs/gumbo-parser-master/src" />
					<Add directory="../../ExternalLibs/curl-7.40.0-devel-mingw32/include" />
					<Add directory="../../ExternalLibs/zipUtils/unzip" />
					<Add directory="../../ExternalLibs/zipUtils/zlib" />
					<Add directory="../../ExternalLibs/sdl_ext/src" />
					<Add directory="../httpCurl/httpcurl/src" />
					<Add directory="../rijndael" />
					<Add directory="../httpCurl/httpcurl/src/jsoncpp-0.10.5/include" />
					<Add directory="../MP3Play/src" />
					<Add directory="../MP3Play" />
					<Add directory="MP3Play" />
					<Add directory="ExternalLibs/UIObjects/src" />
					<Add directory="../../ExternalLibs/tidy/include" />
					<Add directory="gpsino/src/scrapper" />
					<Add directory="gpsino/src/updater" />
					<Add directory="../BmpRLE" />
				</Compiler>
				<Linker>
					<Add option="-pg -lgmon" />
					<Add option="-lsqllite" />
					<Add option="-lUIObjects" />
					<Add option="-lsdlgfx" />
					<Add option="-lmingw32" />
					<Add option="-lSDLmain" />
					<Add option="-lSDL" />
					<Add option="-lSDL_mixer" />
					<Add option="-lSDL_ttf" />
					<Add option="-lSDL_image" />
					<Add option="-lzipUtils" />
					<Add option="-lhttpcurl" />
					<Add option="-lcrypto" />
					<Add option="-lcurl" />
					<Add option="-lcurldll" />
					<Add option="-lidn" />
					<Add option="-lrtmp" />
					<Add option="-lssh2" />
					<Add option="-lssh2dll" />
					<Add option="-lssl" />
					<Add option="-lz" />
					<Add option="-lzdll" />
					<Add option="-ltidy" />
					<Add option="-lgumboParser" />
					<Add option="-lws2_32" />
					<Add library="../../ExternalLibs/libjpeg/bin/Release/libjpeg.a" />
					<Add directory="../../ExternalLibs/UIObjects/bin/Release" />
					<Add directory="../../ExternalLibs/zipUtils/bin/Release" />
					<Add directory="../../ExternalLibs/sqllite/bin/Release" />
					<Add directory="../../ExternalLibs/gumbo-parser-master/bin/Release" />
					<Add directory="../httpCurl/httpcurl/bin/Release" />
					<Add directory="../../ExternalLibs/curl-7.40.0-devel-mingw32/lib" />
					<Add directory="../../ExternalLibs/tidy/bin/Release" />
				</Linker>
			</Target>
			<Target title="Release">
				<Option output="bin/Release/gpsino" prefix_auto="1" extension_auto="1" />
				<Option object_output="obj/Release/" />
				<Option type="0" />
				<Option compiler="gcc" />
				<Compiler>
					<Add option="-O3" />
					<Add directory="../../ExternalLibs/sqllite/src" />
					<Add directory="../../ExternalLibs/libjpeg/src/libjpeg" />
					<Add directory="../../ExternalLibs/UIObjects/src" />
					<Add directory="../../ExternalLibs/libvlc/sdk/include" />
					<Add directory="../../ExternalLibs/gumbo-parser-master/src" />
					<Add directory="../../ExternalLibs/curl-7.40.0-devel-mingw32/include" />
					<Add directory="../../ExternalLibs/zipUtils/unzip" />
					<Add directory="../../ExternalLibs/zipUtils/zlib" />
					<Add directory="../../ExternalLibs/sdl_ext/src" />
					<Add directory="../httpCurl/httpcurl/src" />
					<Add directory="../rijndael" />
					<Add directory="../httpCurl/httpcurl/src/jsoncpp-0.10.5/include" />
					<Add directory="../MP3Play/src" />
					<Add directory="../MP3Play" />
					<Add directory="MP3Play" />
					<Add directory="ExternalLibs/UIObjects/src" />
					<Add directory="../../ExternalLibs/tidy/include" />
					<Add directory="gpsino/src/scrapper" />
					<Add directory="gpsino/src/updater" />
					<Add directory="../BmpRLE" />
				</Compiler>
				<Linker>
					<Add option="-s" />
					<Add option="-lsqllite" />
					<Add option="-lUIObjects" />
					<Add option="-lsdlgfx" />
					<Add option="-lmingw32" />
					<Add option="-lSDLmain" />
					<Add option="-lSDL" />
					<Add option="-lSDL_mixer" />
					<Add option="-lSDL_ttf" />
					<Add option="-lSDL_image" />
					<Add option="-lzipUtils" />
					<Add option="-lhttpcurl" />
					<Add option="-lcrypto" />
					<Add option="-lcurl" />
					<Add option="-lcurldll" />
					<Add option="-lidn" />
					<Add option="-lrtmp" />
					<Add option="-lssh2" />
					<Add option="-lssh2dll" />
					<Add option="-lssl" />
					<Add option="-lz" />
					<Add option="-lzdll" />
					<Add option="-ltidy" />
					<Add option="-lgumboParser" />
					<Add option="-lws2_32" />
					<Add library="../../ExternalLibs/libjpeg/bin/Release/libjpeg.a" />
					<Add directory="../../ExternalLibs/UIObjects/bin/Release" />
					<Add directory="../../ExternalLibs/zipUtils/bin/Release" />
					<Add directory="../../ExternalLibs/sqllite/bin/Release" />
					<Add directory="../../ExternalLibs/gumbo-parser-master/bin/Release" />
					<Add directory="../httpCurl/httpcurl/bin/Release" />
					<Add directory="../../ExternalLibs/curl-7.40.0-devel-mingw32/lib" />
					<Add directory="../../ExternalLibs/tidy/bin/Release" />
				</Linker>
			</Target>
		</Build>
		<Compiler>
			<Add option="-fexceptions" />
			<Add option="-DWIN" />
			<Add directory="src" />
		</Compiler>
		<Unit filename="../../ExternalLibs/UIObjects/src/common/Ioutil.cpp" />
		<Unit filename="../../ExternalLibs/UIObjects/src/common/Ioutil.h" />
		<Unit filename="../BmpRLE/image565.cpp" />
		<Unit filename="../BmpRLE/image565.h" />
		<Unit filename="resource.rc">
			<Option compilerVar="WINDRES" />
		</Unit>
		<Unit filename="src/Icogestor.cpp" />
		<Unit filename="src/Iofrontend.cpp" />
		<Unit filename="src/gpx/GeoStructs.h" />
		<Unit filename="src/gpx/geodrawer.cpp" />
		<Unit filename="src/gpx/geodrawer.h" />
		<Unit filename="src/gpx/gpxloader.cpp" />
		<Unit filename="src/gpx/gpxloader.h" />
		<Unit filename="src/gpx/mercatorprojection.cpp" />
		<Unit filename="src/gpx/mercatorprojection.h" />
		<Unit filename="src/gpx/utmutils.h" />
		<Unit filename="src/main.cpp" />
		<Unit filename="src/scrapper/scrapper.cpp" />
		<Unit filename="src/scrapper/scrapper.h" />
		<Extensions>
			<code_completion />
			<envvars />
			<debugger />
			<lib_finder disable_auto="1" />
		</Extensions>
	</Project>
</CodeBlocks_project_file>
